{
  "requires": true,
  "lockfileVersion": 1,
  "dependencies": {
    "fancy-canvas": {
      "version": "0.2.2",
      "resolved": "https://registry.npmjs.org/fancy-canvas/-/fancy-canvas-0.2.2.tgz",
      "integrity": "sha512-50qi8xA0QkHbjmb8h7XQ6k2fvD7y/yMfiUw9YTarJ7rWrq6o5/3CCXPouYk+XSLASvvxtjyiQLRBFt3qkE3oyA=="
    },
    "lightweight-charts": {
      "version": "3.6.1",
      "resolved": "https://registry.npmjs.org/lightweight-charts/-/lightweight-charts-3.6.1.tgz",
      "integrity": "sha512-82y5VsYCnVI1qGJ1TUMVfxUvcbn+S3pXXXY3yZHkmWfRMxtAHQxpOwpeTC+MJ9NOl8Jd037SvS9NuDkESaY7HA==",
      "requires": {
        "fancy-canvas": "0.2.2"
      }
    }
  }
}
